
Microsoft Visual Studio Solution File, Format Version 12.00
# Visual Studio Version 17
VisualStudioVersion = 17.9.34714.143
MinimumVisualStudioVersion = 10.0.40219.1
Project("{9A19103F-16F7-4668-BE54-9A1E7A4F7556}") = "MailClient.App", "src\MailClient.App\MailClient.App.csproj", "{F7E4CBAF-A30D-4527-AAED-4D8942D5DC94}"
EndProject
Project("{9A19103F-16F7-4668-BE54-9A1E7A4F7556}") = "MailClient.ViewModels", "src\MailClient.ViewModels\MailClient.ViewModels.csproj", "{873AE619-9839-485F-9E9D-134F2751A2B7}"
EndProject
Project("{9A19103F-16F7-4668-BE54-9A1E7A4F7556}") = "MailClient.Core", "src\MailClient.Core\MailClient.Core.csproj", "{76147E29-70F5-45C6-AB38-2B4359B1F96C}"
EndProject
Project("{9A19103F-16F7-4668-BE54-9A1E7A4F7556}") = "MailClient.Data", "src\MailClient.Data\MailClient.Data.csproj", "{B7D6CA36-C93B-4DE2-9D94-C543264727D1}"
EndProject
Project("{9A19103F-16F7-4668-BE54-9A1E7A4F7556}") = "MailClient.Mail", "src\MailClient.Mail\MailClient.Mail.csproj", "{AD7BA068-0D4A-4F9E-87F2-10E5397A9242}"
EndProject
Project("{9A19103F-16F7-4668-BE54-9A1E7A4F7556}") = "MailClient.Platform", "src\MailClient.Platform\MailClient.Platform.csproj", "{B5434B11-C1EB-4724-AD73-3EA9147BCF08}"
EndProject
Project("{9A19103F-16F7-4668-BE54-9A1E7A4F7556}") = "MailClient.Infrastructure", "src\MailClient.Infrastructure\MailClient.Infrastructure.csproj", "{39112554-9617-4B94-9335-DE109BE4EC9A}"
EndProject
Project("{2150E333-8FDC-42A3-9474-1A3956D46DE8}") = "tests", "tests", "{0AB3BF05-4346-4AA6-1389-037BE0695223}"
EndProject
Project("{FAE04EC0-301F-11D3-BF4B-00C04F79EFBC}") = "MailClient.Data.Tests", "tests\MailClient.Data.Tests\MailClient.Data.Tests.csproj", "{9BE34139-F5A0-455E-971C-B130C0393125}"
EndProject
Project("{FAE04EC0-301F-11D3-BF4B-00C04F79EFBC}") = "MailClient.ViewModels.Tests", "tests\MailClient.ViewModels.Tests\MailClient.ViewModels.Tests.csproj", "{8F9D54DC-E6B0-4057-8D61-81BCFF31CC46}"
EndProject
Project("{FAE04EC0-301F-11D3-BF4B-00C04F79EFBC}") = "MailClient.Infrastructure.Tests", "tests\MailClient.Infrastructure.Tests\MailClient.Infrastructure.Tests.csproj", "{A83C5379-5F4F-41A7-8C55-076BE9A9905C}"
EndProject
Project("{2150E333-8FDC-42A3-9474-1A3956D46DE8}") = "src", "src", "{827E0CD3-B72D-47B6-A68D-7590B98EB39B}"
EndProject
Global
	GlobalSection(SolutionConfigurationPlatforms) = preSolution
		Debug|Any CPU = Debug|Any CPU
		Debug|ARM64 = Debug|ARM64
		Debug|x64 = Debug|x64
		Debug|x86 = Debug|x86
		Release|Any CPU = Release|Any CPU
		Release|ARM64 = Release|ARM64
		Release|x64 = Release|x64
		Release|x86 = Release|x86
	EndGlobalSection
	GlobalSection(ProjectConfigurationPlatforms) = postSolution
		{F7E4CBAF-A30D-4527-AAED-4D8942D5DC94}.Debug|Any CPU.ActiveCfg = Debug|x64
		{F7E4CBAF-A30D-4527-AAED-4D8942D5DC94}.Debug|ARM64.ActiveCfg = Debug|ARM64
		{F7E4CBAF-A30D-4527-AAED-4D8942D5DC94}.Debug|ARM64.Build.0 = Debug|ARM64
		{F7E4CBAF-A30D-4527-AAED-4D8942D5DC94}.Debug|ARM64.Deploy.0 = Debug|ARM64
		{F7E4CBAF-A30D-4527-AAED-4D8942D5DC94}.Debug|x64.ActiveCfg = Debug|x64
		{F7E4CBAF-A30D-4527-AAED-4D8942D5DC94}.Debug|x64.Build.0 = Debug|x64
		{F7E4CBAF-A30D-4527-AAED-4D8942D5DC94}.Debug|x64.Deploy.0 = Debug|x64
		{F7E4CBAF-A30D-4527-AAED-4D8942D5DC94}.Debug|x86.ActiveCfg = Debug|x86
		{F7E4CBAF-A30D-4527-AAED-4D8942D5DC94}.Debug|x86.Build.0 = Debug|x86
		{F7E4CBAF-A30D-4527-AAED-4D8942D5DC94}.Debug|x86.Deploy.0 = Debug|x86
		{F7E4CBAF-A30D-4527-AAED-4D8942D5DC94}.Release|Any CPU.ActiveCfg = Release|x64
		{F7E4CBAF-A30D-4527-AAED-4D8942D5DC94}.Release|ARM64.ActiveCfg = Release|ARM64
		{F7E4CBAF-A30D-4527-AAED-4D8942D5DC94}.Release|ARM64.Build.0 = Release|ARM64
		{F7E4CBAF-A30D-4527-AAED-4D8942D5DC94}.Release|ARM64.Deploy.0 = Release|ARM64
		{F7E4CBAF-A30D-4527-AAED-4D8942D5DC94}.Release|x64.ActiveCfg = Release|x64
		{F7E4CBAF-A30D-4527-AAED-4D8942D5DC94}.Release|x64.Build.0 = Release|x64
		{F7E4CBAF-A30D-4527-AAED-4D8942D5DC94}.Release|x64.Deploy.0 = Release|x64
		{F7E4CBAF-A30D-4527-AAED-4D8942D5DC94}.Release|x86.ActiveCfg = Release|x86
		{F7E4CBAF-A30D-4527-AAED-4D8942D5DC94}.Release|x86.Build.0 = Release|x86
		{F7E4CBAF-A30D-4527-AAED-4D8942D5DC94}.Release|x86.Deploy.0 = Release|x86
		{873AE619-9839-485F-9E9D-134F2751A2B7}.Debug|Any CPU.ActiveCfg = Debug|Any CPU
		{873AE619-9839-485F-9E9D-134F2751A2B7}.Debug|Any CPU.Build.0 = Debug|Any CPU
		{873AE619-9839-485F-9E9D-134F2751A2B7}.Debug|ARM64.ActiveCfg = Debug|Any CPU
		{873AE619-9839-485F-9E9D-134F2751A2B7}.Debug|ARM64.Build.0 = Debug|Any CPU
		{873AE619-9839-485F-9E9D-134F2751A2B7}.Debug|x64.ActiveCfg = Debug|Any CPU
		{873AE619-9839-485F-9E9D-134F2751A2B7}.Debug|x64.Build.0 = Debug|Any CPU
		{873AE619-9839-485F-9E9D-134F2751A2B7}.Debug|x86.ActiveCfg = Debug|Any CPU
		{873AE619-9839-485F-9E9D-134F2751A2B7}.Debug|x86.Build.0 = Debug|Any CPU
		{873AE619-9839-485F-9E9D-134F2751A2B7}.Release|Any CPU.ActiveCfg = Release|Any CPU
		{873AE619-9839-485F-9E9D-134F2751A2B7}.Release|Any CPU.Build.0 = Release|Any CPU
		{873AE619-9839-485F-9E9D-134F2751A2B7}.Release|ARM64.ActiveCfg = Release|Any CPU
		{873AE619-9839-485F-9E9D-134F2751A2B7}.Release|ARM64.Build.0 = Release|Any CPU
		{873AE619-9839-485F-9E9D-134F2751A2B7}.Release|x64.ActiveCfg = Release|Any CPU
		{873AE619-9839-485F-9E9D-134F2751A2B7}.Release|x64.Build.0 = Release|Any CPU
		{873AE619-9839-485F-9E9D-134F2751A2B7}.Release|x86.ActiveCfg = Release|Any CPU
		{873AE619-9839-485F-9E9D-134F2751A2B7}.Release|x86.Build.0 = Release|Any CPU
		{76147E29-70F5-45C6-AB38-2B4359B1F96C}.Debug|Any CPU.ActiveCfg = Debug|Any CPU
		{76147E29-70F5-45C6-AB38-2B4359B1F96C}.Debug|Any CPU.Build.0 = Debug|Any CPU
		{76147E29-70F5-45C6-AB38-2B4359B1F96C}.Debug|ARM64.ActiveCfg = Debug|Any CPU
		{76147E29-70F5-45C6-AB38-2B4359B1F96C}.Debug|ARM64.Build.0 = Debug|Any CPU
		{76147E29-70F5-45C6-AB38-2B4359B1F96C}.Debug|x64.ActiveCfg = Debug|Any CPU
		{76147E29-70F5-45C6-AB38-2B4359B1F96C}.Debug|x64.Build.0 = Debug|Any CPU
		{76147E29-70F5-45C6-AB38-2B4359B1F96C}.Debug|x86.ActiveCfg = Debug|Any CPU
		{76147E29-70F5-45C6-AB38-2B4359B1F96C}.Debug|x86.Build.0 = Debug|Any CPU
		{76147E29-70F5-45C6-AB38-2B4359B1F96C}.Release|Any CPU.ActiveCfg = Release|Any CPU
		{76147E29-70F5-45C6-AB38-2B4359B1F96C}.Release|Any CPU.Build.0 = Release|Any CPU
		{76147E29-70F5-45C6-AB38-2B4359B1F96C}.Release|ARM64.ActiveCfg = Release|Any CPU
		{76147E29-70F5-45C6-AB38-2B4359B1F96C}.Release|ARM64.Build.0 = Release|Any CPU
		{76147E29-70F5-45C6-AB38-2B4359B1F96C}.Release|x64.ActiveCfg = Release|Any CPU
		{76147E29-70F5-45C6-AB38-2B4359B1F96C}.Release|x64.Build.0 = Release|Any CPU
		{76147E29-70F5-45C6-AB38-2B4359B1F96C}.Release|x86.ActiveCfg = Release|Any CPU
		{76147E29-70F5-45C6-AB38-2B4359B1F96C}.Release|x86.Build.0 = Release|Any CPU
		{B7D6CA36-C93B-4DE2-9D94-C543264727D1}.Debug|Any CPU.ActiveCfg = Debug|Any CPU
		{B7D6CA36-C93B-4DE2-9D94-C543264727D1}.Debug|Any CPU.Build.0 = Debug|Any CPU
		{B7D6CA36-C93B-4DE2-9D94-C543264727D1}.Debug|ARM64.ActiveCfg = Debug|Any CPU
		{B7D6CA36-C93B-4DE2-9D94-C543264727D1}.Debug|ARM64.Build.0 = Debug|Any CPU
		{B7D6CA36-C93B-4DE2-9D94-C543264727D1}.Debug|x64.ActiveCfg = Debug|Any CPU
		{B7D6CA36-C93B-4DE2-9D94-C543264727D1}.Debug|x64.Build.0 = Debug|Any CPU
		{B7D6CA36-C93B-4DE2-9D94-C543264727D1}.Debug|x86.ActiveCfg = Debug|Any CPU
		{B7D6CA36-C93B-4DE2-9D94-C543264727D1}.Debug|x86.Build.0 = Debug|Any CPU
		{B7D6CA36-C93B-4DE2-9D94-C543264727D1}.Release|Any CPU.ActiveCfg = Release|Any CPU
		{B7D6CA36-C93B-4DE2-9D94-C543264727D1}.Release|Any CPU.Build.0 = Release|Any CPU
		{B7D6CA36-C93B-4DE2-9D94-C543264727D1}.Release|ARM64.ActiveCfg = Release|Any CPU
		{B7D6CA36-C93B-4DE2-9D94-C543264727D1}.Release|ARM64.Build.0 = Release|Any CPU
		{B7D6CA36-C93B-4DE2-9D94-C543264727D1}.Release|x64.ActiveCfg = Release|Any CPU
		{B7D6CA36-C93B-4DE2-9D94-C543264727D1}.Release|x64.Build.0 = Release|Any CPU
		{B7D6CA36-C93B-4DE2-9D94-C543264727D1}.Release|x86.ActiveCfg = Release|Any CPU
		{B7D6CA36-C93B-4DE2-9D94-C543264727D1}.Release|x86.Build.0 = Release|Any CPU
		{AD7BA068-0D4A-4F9E-87F2-10E5397A9242}.Debug|Any CPU.ActiveCfg = Debug|Any CPU
		{AD7BA068-0D4A-4F9E-87F2-10E5397A9242}.Debug|Any CPU.Build.0 = Debug|Any CPU
		{AD7BA068-0D4A-4F9E-87F2-10E5397A9242}.Debug|ARM64.ActiveCfg = Debug|Any CPU
		{AD7BA068-0D4A-4F9E-87F2-10E5397A9242}.Debug|ARM64.Build.0 = Debug|Any CPU
		{AD7BA068-0D4A-4F9E-87F2-10E5397A9242}.Debug|x64.ActiveCfg = Debug|Any CPU
		{AD7BA068-0D4A-4F9E-87F2-10E5397A9242}.Debug|x64.Build.0 = Debug|Any CPU
		{AD7BA068-0D4A-4F9E-87F2-10E5397A9242}.Debug|x86.ActiveCfg = Debug|Any CPU
		{AD7BA068-0D4A-4F9E-87F2-10E5397A9242}.Debug|x86.Build.0 = Debug|Any CPU
		{AD7BA068-0D4A-4F9E-87F2-10E5397A9242}.Release|Any CPU.ActiveCfg = Release|Any CPU
		{AD7BA068-0D4A-4F9E-87F2-10E5397A9242}.Release|Any CPU.Build.0 = Release|Any CPU
		{AD7BA068-0D4A-4F9E-87F2-10E5397A9242}.Release|ARM64.ActiveCfg = Release|Any CPU
		{AD7BA068-0D4A-4F9E-87F2-10E5397A9242}.Release|ARM64.Build.0 = Release|Any CPU
		{AD7BA068-0D4A-4F9E-87F2-10E5397A9242}.Release|x64.ActiveCfg = Release|Any CPU
		{AD7BA068-0D4A-4F9E-87F2-10E5397A9242}.Release|x64.Build.0 = Release|Any CPU
		{AD7BA068-0D4A-4F9E-87F2-10E5397A9242}.Release|x86.ActiveCfg = Release|Any CPU
		{AD7BA068-0D4A-4F9E-87F2-10E5397A9242}.Release|x86.Build.0 = Release|Any CPU
		{B5434B11-C1EB-4724-AD73-3EA9147BCF08}.Debug|Any CPU.ActiveCfg = Debug|Any CPU
		{B5434B11-C1EB-4724-AD73-3EA9147BCF08}.Debug|Any CPU.Build.0 = Debug|Any CPU
		{B5434B11-C1EB-4724-AD73-3EA9147BCF08}.Debug|ARM64.ActiveCfg = Debug|Any CPU
		{B5434B11-C1EB-4724-AD73-3EA9147BCF08}.Debug|ARM64.Build.0 = Debug|Any CPU
		{B5434B11-C1EB-4724-AD73-3EA9147BCF08}.Debug|x64.ActiveCfg = Debug|Any CPU
		{B5434B11-C1EB-4724-AD73-3EA9147BCF08}.Debug|x64.Build.0 = Debug|Any CPU
		{B5434B11-C1EB-4724-AD73-3EA9147BCF08}.Debug|x86.ActiveCfg = Debug|Any CPU
		{B5434B11-C1EB-4724-AD73-3EA9147BCF08}.Debug|x86.Build.0 = Debug|Any CPU
		{B5434B11-C1EB-4724-AD73-3EA9147BCF08}.Release|Any CPU.ActiveCfg = Release|Any CPU
		{B5434B11-C1EB-4724-AD73-3EA9147BCF08}.Release|Any CPU.Build.0 = Release|Any CPU
		{B5434B11-C1EB-4724-AD73-3EA9147BCF08}.Release|ARM64.ActiveCfg = Release|Any CPU
		{B5434B11-C1EB-4724-AD73-3EA9147BCF08}.Release|ARM64.Build.0 = Release|Any CPU
		{B5434B11-C1EB-4724-AD73-3EA9147BCF08}.Release|x64.ActiveCfg = Release|Any CPU
		{B5434B11-C1EB-4724-AD73-3EA9147BCF08}.Release|x64.Build.0 = Release|Any CPU
		{B5434B11-C1EB-4724-AD73-3EA9147BCF08}.Release|x86.ActiveCfg = Release|Any CPU
		{B5434B11-C1EB-4724-AD73-3EA9147BCF08}.Release|x86.Build.0 = Release|Any CPU
		{39112554-9617-4B94-9335-DE109BE4EC9A}.Debug|Any CPU.ActiveCfg = Debug|Any CPU
		{39112554-9617-4B94-9335-DE109BE4EC9A}.Debug|Any CPU.Build.0 = Debug|Any CPU
		{39112554-9617-4B94-9335-DE109BE4EC9A}.Debug|ARM64.ActiveCfg = Debug|Any CPU
		{39112554-9617-4B94-9335-DE109BE4EC9A}.Debug|ARM64.Build.0 = Debug|Any CPU
		{39112554-9617-4B94-9335-DE109BE4EC9A}.Debug|x64.ActiveCfg = Debug|Any CPU
		{39112554-9617-4B94-9335-DE109BE4EC9A}.Debug|x64.Build.0 = Debug|Any CPU
		{39112554-9617-4B94-9335-DE109BE4EC9A}.Debug|x86.ActiveCfg = Debug|Any CPU
		{39112554-9617-4B94-9335-DE109BE4EC9A}.Debug|x86.Build.0 = Debug|Any CPU
		{39112554-9617-4B94-9335-DE109BE4EC9A}.Release|Any CPU.ActiveCfg = Release|Any CPU
		{39112554-9617-4B94-9335-DE109BE4EC9A}.Release|Any CPU.Build.0 = Release|Any CPU
		{39112554-9617-4B94-9335-DE109BE4EC9A}.Release|ARM64.ActiveCfg = Release|Any CPU
		{39112554-9617-4B94-9335-DE109BE4EC9A}.Release|ARM64.Build.0 = Release|Any CPU
		{39112554-9617-4B94-9335-DE109BE4EC9A}.Release|x64.ActiveCfg = Release|Any CPU
		{39112554-9617-4B94-9335-DE109BE4EC9A}.Release|x64.Build.0 = Release|Any CPU
		{39112554-9617-4B94-9335-DE109BE4EC9A}.Release|x86.ActiveCfg = Release|Any CPU
		{39112554-9617-4B94-9335-DE109BE4EC9A}.Release|x86.Build.0 = Release|Any CPU
		{9BE34139-F5A0-455E-971C-B130C0393125}.Debug|Any CPU.ActiveCfg = Debug|Any CPU
		{9BE34139-F5A0-455E-971C-B130C0393125}.Debug|Any CPU.Build.0 = Debug|Any CPU
		{9BE34139-F5A0-455E-971C-B130C0393125}.Debug|ARM64.ActiveCfg = Debug|Any CPU
		{9BE34139-F5A0-455E-971C-B130C0393125}.Debug|ARM64.Build.0 = Debug|Any CPU
		{9BE34139-F5A0-455E-971C-B130C0393125}.Debug|x64.ActiveCfg = Debug|Any CPU
		{9BE34139-F5A0-455E-971C-B130C0393125}.Debug|x64.Build.0 = Debug|Any CPU
		{9BE34139-F5A0-455E-971C-B130C0393125}.Debug|x86.ActiveCfg = Debug|Any CPU
		{9BE34139-F5A0-455E-971C-B130C0393125}.Debug|x86.Build.0 = Debug|Any CPU
		{9BE34139-F5A0-455E-971C-B130C0393125}.Release|Any CPU.ActiveCfg = Release|Any CPU
		{9BE34139-F5A0-455E-971C-B130C0393125}.Release|Any CPU.Build.0 = Release|Any CPU
		{9BE34139-F5A0-455E-971C-B130C0393125}.Release|ARM64.ActiveCfg = Release|Any CPU
		{9BE34139-F5A0-455E-971C-B130C0393125}.Release|ARM64.Build.0 = Release|Any CPU
		{9BE34139-F5A0-455E-971C-B130C0393125}.Release|x64.ActiveCfg = Release|Any CPU
		{9BE34139-F5A0-455E-971C-B130C0393125}.Release|x64.Build.0 = Release|Any CPU
		{9BE34139-F5A0-455E-971C-B130C0393125}.Release|x86.ActiveCfg = Release|Any CPU
		{9BE34139-F5A0-455E-971C-B130C0393125}.Release|x86.Build.0 = Release|Any CPU
		{8F9D54DC-E6B0-4057-8D61-81BCFF31CC46}.Debug|Any CPU.ActiveCfg = Debug|Any CPU
		{8F9D54DC-E6B0-4057-8D61-81BCFF31CC46}.Debug|Any CPU.Build.0 = Debug|Any CPU
		{8F9D54DC-E6B0-4057-8D61-81BCFF31CC46}.Debug|ARM64.ActiveCfg = Debug|Any CPU
		{8F9D54DC-E6B0-4057-8D61-81BCFF31CC46}.Debug|ARM64.Build.0 = Debug|Any CPU
		{8F9D54DC-E6B0-4057-8D61-81BCFF31CC46}.Debug|x64.ActiveCfg = Debug|Any CPU
		{8F9D54DC-E6B0-4057-8D61-81BCFF31CC46}.Debug|x64.Build.0 = Debug|Any CPU
		{8F9D54DC-E6B0-4057-8D61-81BCFF31CC46}.Debug|x86.ActiveCfg = Debug|Any CPU
		{8F9D54DC-E6B0-4057-8D61-81BCFF31CC46}.Debug|x86.Build.0 = Debug|Any CPU
		{8F9D54DC-E6B0-4057-8D61-81BCFF31CC46}.Release|Any CPU.ActiveCfg = Release|Any CPU
		{8F9D54DC-E6B0-4057-8D61-81BCFF31CC46}.Release|Any CPU.Build.0 = Release|Any CPU
		{8F9D54DC-E6B0-4057-8D61-81BCFF31CC46}.Release|ARM64.ActiveCfg = Release|Any CPU
		{8F9D54DC-E6B0-4057-8D61-81BCFF31CC46}.Release|ARM64.Build.0 = Release|Any CPU
		{8F9D54DC-E6B0-4057-8D61-81BCFF31CC46}.Release|x64.ActiveCfg = Release|Any CPU
		{8F9D54DC-E6B0-4057-8D61-81BCFF31CC46}.Release|x64.Build.0 = Release|Any CPU
		{8F9D54DC-E6B0-4057-8D61-81BCFF31CC46}.Release|x86.ActiveCfg = Release|Any CPU
		{8F9D54DC-E6B0-4057-8D61-81BCFF31CC46}.Release|x86.Build.0 = Release|Any CPU
		{A83C5379-5F4F-41A7-8C55-076BE9A9905C}.Debug|Any CPU.ActiveCfg = Debug|Any CPU
		{A83C5379-5F4F-41A7-8C55-076BE9A9905C}.Debug|Any CPU.Build.0 = Debug|Any CPU
		{A83C5379-5F4F-41A7-8C55-076BE9A9905C}.Debug|ARM64.ActiveCfg = Debug|Any CPU
		{A83C5379-5F4F-41A7-8C55-076BE9A9905C}.Debug|ARM64.Build.0 = Debug|Any CPU
		{A83C5379-5F4F-41A7-8C55-076BE9A9905C}.Debug|x64.ActiveCfg = Debug|Any CPU
		{A83C5379-5F4F-41A7-8C55-076BE9A9905C}.Debug|x64.Build.0 = Debug|Any CPU
		{A83C5379-5F4F-41A7-8C55-076BE9A9905C}.Debug|x86.ActiveCfg = Debug|Any CPU
		{A83C5379-5F4F-41A7-8C55-076BE9A9905C}.Debug|x86.Build.0 = Debug|Any CPU
		{A83C5379-5F4F-41A7-8C55-076BE9A9905C}.Release|Any CPU.ActiveCfg = Release|Any CPU
		{A83C5379-5F4F-41A7-8C55-076BE9A9905C}.Release|Any CPU.Build.0 = Release|Any CPU
		{A83C5379-5F4F-41A7-8C55-076BE9A9905C}.Release|ARM64.ActiveCfg = Release|Any CPU
		{A83C5379-5F4F-41A7-8C55-076BE9A9905C}.Release|ARM64.Build.0 = Release|Any CPU
		{A83C5379-5F4F-41A7-8C55-076BE9A9905C}.Release|x64.ActiveCfg = Release|Any CPU
		{A83C5379-5F4F-41A7-8C55-076BE9A9905C}.Release|x64.Build.0 = Release|Any CPU
		{A83C5379-5F4F-41A7-8C55-076BE9A9905C}.Release|x86.ActiveCfg = Release|Any CPU
		{A83C5379-5F4F-41A7-8C55-076BE9A9905C}.Release|x86.Build.0 = Release|Any CPU
	EndGlobalSection
	GlobalSection(SolutionProperties) = preSolution
		HideSolutionNode = FALSE
	EndGlobalSection
	GlobalSection(NestedProjects) = preSolution
		{9BE34139-F5A0-455E-971C-B130C0393125} = {0AB3BF05-4346-4AA6-1389-037BE0695223}
		{8F9D54DC-E6B0-4057-8D61-81BCFF31CC46} = {0AB3BF05-4346-4AA6-1389-037BE0695223}
		{A83C5379-5F4F-41A7-8C55-076BE9A9905C} = {0AB3BF05-4346-4AA6-1389-037BE0695223}
	EndGlobalSection
EndGlobal
